
Microsoft Visual Studio Solution File, Format Version 12.00
# Visual Studio Version 17
VisualStudioVersion = 17.14.36203.30 d17.14
MinimumVisualStudioVersion = 10.0.40219.1
Project("{FAE04EC0-301F-11D3-BF4B-00C04F79EFBC}") = "AdminPanel", "AdminPanel\AdminPanel.csproj", "{D8BBF366-BB04-4903-A5B1-510A08535EEF}"
EndProject
Project("{FAE04EC0-301F-11D3-BF4B-00C04F79EFBC}") = "AdminPanel.Domain", "AdminPanel.Domain\AdminPanel.Domain.csproj", "{29127282-6901-4BC7-8725-5285FD25D9DB}"
EndProject
Project("{FAE04EC0-301F-11D3-BF4B-00C04F79EFBC}") = "AdminPanel.DAL", "AdminPanel.DAL\AdminPanel.DAL.csproj", "{2565F3CB-112A-4CB8-A6B1-EBF440033A5B}"
EndProject
Global
	GlobalSection(SolutionConfigurationPlatforms) = preSolution
		Debug|Any CPU = Debug|Any CPU
		Release|Any CPU = Release|Any CPU
	EndGlobalSection
	GlobalSection(ProjectConfigurationPlatforms) = postSolution
		{D8BBF366-BB04-4903-A5B1-510A08535EEF}.Debug|Any CPU.ActiveCfg = Debug|Any CPU
		{D8BBF366-BB04-4903-A5B1-510A08535EEF}.Debug|Any CPU.Build.0 = Debug|Any CPU
		{D8BBF366-BB04-4903-A5B1-510A08535EEF}.Release|Any CPU.ActiveCfg = Release|Any CPU
		{D8BBF366-BB04-4903-A5B1-510A08535EEF}.Release|Any CPU.Build.0 = Release|Any CPU
		{29127282-6901-4BC7-8725-5285FD25D9DB}.Debug|Any CPU.ActiveCfg = Debug|Any CPU
		{29127282-6901-4BC7-8725-5285FD25D9DB}.Debug|Any CPU.Build.0 = Debug|Any CPU
		{29127282-6901-4BC7-8725-5285FD25D9DB}.Release|Any CPU.ActiveCfg = Release|Any CPU
		{29127282-6901-4BC7-8725-5285FD25D9DB}.Release|Any CPU.Build.0 = Release|Any CPU
		{2565F3CB-112A-4CB8-A6B1-EBF440033A5B}.Debug|Any CPU.ActiveCfg = Debug|Any CPU
		{2565F3CB-112A-4CB8-A6B1-EBF440033A5B}.Debug|Any CPU.Build.0 = Debug|Any CPU
		{2565F3CB-112A-4CB8-A6B1-EBF440033A5B}.Release|Any CPU.ActiveCfg = Release|Any CPU
		{2565F3CB-112A-4CB8-A6B1-EBF440033A5B}.Release|Any CPU.Build.0 = Release|Any CPU
	EndGlobalSection
	GlobalSection(SolutionProperties) = preSolution
		HideSolutionNode = FALSE
	EndGlobalSection
	GlobalSection(ExtensibilityGlobals) = postSolution
		SolutionGuid = {B8B1FE59-E87F-4DE9-AF04-FBB47331055D}
	EndGlobalSection
EndGlobal
